// !$*UTF8*$!
{
	archiveVersion = 1;
	classes = {
	};
	objectVersion = 48;
	objects = {

/* Begin PBXBuildFile section */
		5A96AD1C204FBDEA009DC6D4 /* AppDelegate.m in Sources */ = {isa = PBXBuildFile; fileRef = 5A96AD1B204FBDEA009DC6D4 /* AppDelegate.m */; };
		5A96AD1F204FBDEA009DC6D4 /* ViewController.m in Sources */ = {isa = PBXBuildFile; fileRef = 5A96AD1E204FBDEA009DC6D4 /* ViewController.m */; };
		5A96AD22204FBDEA009DC6D4 /* Main.storyboard in Resources */ = {isa = PBXBuildFile; fileRef = 5A96AD20204FBDEA009DC6D4 /* Main.storyboard */; };
		5A96AD24204FBDEA009DC6D4 /* Assets.xcassets in Resources */ = {isa = PBXBuildFile; fileRef = 5A96AD23204FBDEA009DC6D4 /* Assets.xcassets */; };
		5A96AD27204FBDEA009DC6D4 /* LaunchScreen.storyboard in Resources */ = {isa = PBXBuildFile; fileRef = 5A96AD25204FBDEA009DC6D4 /* LaunchScreen.storyboard */; };
		5A96AD2A204FBDEA009DC6D4 /* main.m in Sources */ = {isa = PBXBuildFile; fileRef = 5A96AD29204FBDEA009DC6D4 /* main.m */; };
		5A96AD34204FBDEB009DC6D4 /* DJScaleSliderSampleTests.m in Sources */ = {isa = PBXBuildFile; fileRef = 5A96AD33204FBDEB009DC6D4 /* DJScaleSliderSampleTests.m */; };
		5A96AD3F204FBDEB009DC6D4 /* DJScaleSliderSampleUITests.m in Sources */ = {isa = PBXBuildFile; fileRef = 5A96AD3E204FBDEB009DC6D4 /* DJScaleSliderSampleUITests.m */; };
		5A96AD4F204FBE38009DC6D4 /* DJScaleSlider.m in Sources */ = {isa = PBXBuildFile; fileRef = 5A96AD4E204FBE38009DC6D4 /* DJScaleSlider.m */; };
/* End PBXBuildFile section */

/* Begin PBXContainerItemProxy section */
		5A96AD30204FBDEB009DC6D4 /* PBXContainerItemProxy */ = {
			isa = PBXContainerItemProxy;
			containerPortal = 5A96AD0F204FBDEA009DC6D4 /* Project object */;
			proxyType = 1;
			remoteGlobalIDString = 5A96AD16204FBDEA009DC6D4;
			remoteInfo = DJScaleSliderSample;
		};
		5A96AD3B204FBDEB009DC6D4 /* PBXContainerItemProxy */ = {
			isa = PBXContainerItemProxy;
			containerPortal = 5A96AD0F204FBDEA009DC6D4 /* Project object */;
			proxyType = 1;
			remoteGlobalIDString = 5A96AD16204FBDEA009DC6D4;
			remoteInfo = DJScaleSliderSample;
		};
/* End PBXContainerItemProxy section */

/* Begin PBXFileReference section */
		5A96AD17204FBDEA009DC6D4 /* DJScaleSliderSample.app */ = {isa = PBXFileReference; explicitFileType = wrapper.application; includeInIndex = 0; path = DJScaleSliderSample.app; sourceTree = BUILT_PRODUCTS_DIR; };
		5A96AD1A204FBDEA009DC6D4 /* AppDelegate.h */ = {isa = PBXFileReference; lastKnownFileType = sourcecode.c.h; path = AppDelegate.h; sourceTree = "<group>"; };
		5A96AD1B204FBDEA009DC6D4 /* AppDelegate.m */ = {isa = PBXFileReference; lastKnownFileType = sourcecode.c.objc; path = AppDelegate.m; sourceTree = "<group>"; };
		5A96AD1D204FBDEA009DC6D4 /* ViewController.h */ = {isa = PBXFileReference; lastKnownFileType = sourcecode.c.h; path = ViewController.h; sourceTree = "<group>"; };
		5A96AD1E204FBDEA009DC6D4 /* ViewController.m */ = {isa = PBXFileReference; lastKnownFileType = sourcecode.c.objc; path = ViewController.m; sourceTree = "<group>"; };
		5A96AD21204FBDEA009DC6D4 /* Base */ = {isa = PBXFileReference; lastKnownFileType = file.storyboard; name = Base; path = Base.lproj/Main.storyboard; sourceTree = "<group>"; };
		5A96AD23204FBDEA009DC6D4 /* Assets.xcassets */ = {isa = PBXFileReference; lastKnownFileType = folder.assetcatalog; path = Assets.xcassets; sourceTree = "<group>"; };
		5A96AD26204FBDEA009DC6D4 /* Base */ = {isa = PBXFileReference; lastKnownFileType = file.storyboard; name = Base; path = Base.lproj/LaunchScreen.storyboard; sourceTree = "<group>"; };
		5A96AD28204FBDEA009DC6D4 /* Info.plist */ = {isa = PBXFileReference; lastKnownFileType = text.plist.xml; path = Info.plist; sourceTree = "<group>"; };
		5A96AD29204FBDEA009DC6D4 /* main.m */ = {isa = PBXFileReference; lastKnownFileType = sourcecode.c.objc; path = main.m; sourceTree = "<group>"; };
		5A96AD2F204FBDEB009DC6D4 /* DJScaleSliderSampleTests.xctest */ = {isa = PBXFileReference; explicitFileType = wrapper.cfbundle; includeInIndex = 0; path = DJScaleSliderSampleTests.xctest; sourceTree = BUILT_PRODUCTS_DIR; };
		5A96AD33204FBDEB009DC6D4 /* DJScaleSliderSampleTests.m */ = {isa = PBXFileReference; lastKnownFileType = sourcecode.c.objc; path = DJScaleSliderSampleTests.m; sourceTree = "<group>"; };
		5A96AD35204FBDEB009DC6D4 /* Info.plist */ = {isa = PBXFileReference; lastKnownFileType = text.plist.xml; path = Info.plist; sourceTree = "<group>"; };
		5A96AD3A204FBDEB009DC6D4 /* DJScaleSliderSampleUITests.xctest */ = {isa = PBXFileReference; explicitFileType = wrapper.cfbundle; includeInIndex = 0; path = DJScaleSliderSampleUITests.xctest; sourceTree = BUILT_PRODUCTS_DIR; };
		5A96AD3E204FBDEB009DC6D4 /* DJScaleSliderSampleUITests.m */ = {isa = PBXFileReference; lastKnownFileType = sourcecode.c.objc; path = DJScaleSliderSampleUITests.m; sourceTree = "<group>"; };
		5A96AD40204FBDEB009DC6D4 /* Info.plist */ = {isa = PBXFileReference; lastKnownFileType = text.plist.xml; path = Info.plist; sourceTree = "<group>"; };
		5A96AD4D204FBE38009DC6D4 /* DJScaleSlider.h */ = {isa = PBXFileReference; lastKnownFileType = sourcecode.c.h; path = DJScaleSlider.h; sourceTree = "<group>"; };
		5A96AD4E204FBE38009DC6D4 /* DJScaleSlider.m */ = {isa = PBXFileReference; lastKnownFileType = sourcecode.c.objc; path = DJScaleSlider.m; sourceTree = "<group>"; };
/* End PBXFileReference section */

/* Begin PBXFrameworksBuildPhase section */
		5A96AD14204FBDEA009DC6D4 /* Frameworks */ = {
			isa = PBXFrameworksBuildPhase;
			buildActionMask = 2147483647;
			files = (
			);
			runOnlyForDeploymentPostprocessing = 0;
		};
		5A96AD2C204FBDEB009DC6D4 /* Frameworks */ = {
			isa = PBXFrameworksBuildPhase;
			buildActionMask = 2147483647;
			files = (
			);
			runOnlyForDeploymentPostprocessing = 0;
		};
		5A96AD37204FBDEB009DC6D4 /* Frameworks */ = {
			isa = PBXFrameworksBuildPhase;
			buildActionMask = 2147483647;
			files = (
			);
			runOnlyForDeploymentPostprocessing = 0;
		};
/* End PBXFrameworksBuildPhase section */

/* Begin PBXGroup section */
		5A96AD0E204FBDEA009DC6D4 = {
			isa = PBXGroup;
			children = (
				5A96AD4C204FBE1D009DC6D4 /* DJScaleSlider */,
				5A96AD19204FBDEA009DC6D4 /* DJScaleSliderSample */,
				5A96AD32204FBDEB009DC6D4 /* DJScaleSliderSampleTests */,
				5A96AD3D204FBDEB009DC6D4 /* DJScaleSliderSampleUITests */,
				5A96AD18204FBDEA009DC6D4 /* Products */,
			);
			sourceTree = "<group>";
		};
		5A96AD18204FBDEA009DC6D4 /* Products */ = {
			isa = PBXGroup;
			children = (
				5A96AD17204FBDEA009DC6D4 /* DJScaleSliderSample.app */,
				5A96AD2F204FBDEB009DC6D4 /* DJScaleSliderSampleTests.xctest */,
				5A96AD3A204FBDEB009DC6D4 /* DJScaleSliderSampleUITests.xctest */,
			);
			name = Products;
			sourceTree = "<group>";
		};
		5A96AD19204FBDEA009DC6D4 /* DJScaleSliderSample */ = {
			isa = PBXGroup;
			children = (
				5A96AD1A204FBDEA009DC6D4 /* AppDelegate.h */,
				5A96AD1B204FBDEA009DC6D4 /* AppDelegate.m */,
				5A96AD1D204FBDEA009DC6D4 /* ViewController.h */,
				5A96AD1E204FBDEA009DC6D4 /* ViewController.m */,
				5A96AD20204FBDEA009DC6D4 /* Main.storyboard */,
				5A96AD23204FBDEA009DC6D4 /* Assets.xcassets */,
				5A96AD25204FBDEA009DC6D4 /* LaunchScreen.storyboard */,
				5A96AD28204FBDEA009DC6D4 /* Info.plist */,
				5A96AD29204FBDEA009DC6D4 /* main.m */,
			);
			path = DJScaleSliderSample;
			sourceTree = "<group>";
		};
		5A96AD32204FBDEB009DC6D4 /* DJScaleSliderSampleTests */ = {
			isa = PBXGroup;
			children = (
				5A96AD33204FBDEB009DC6D4 /* DJScaleSliderSampleTests.m */,
				5A96AD35204FBDEB009DC6D4 /* Info.plist */,
			);
			path = DJScaleSliderSampleTests;
			sourceTree = "<group>";
		};
		5A96AD3D204FBDEB009DC6D4 /* DJScaleSliderSampleUITests */ = {
			isa = PBXGroup;
			children = (
				5A96AD3E204FBDEB009DC6D4 /* DJScaleSliderSampleUITests.m */,
				5A96AD40204FBDEB009DC6D4 /* Info.plist */,
			);
			path = DJScaleSliderSampleUITests;
			sourceTree = "<group>";
		};
		5A96AD4C204FBE1D009DC6D4 /* DJScaleSlider */ = {
			isa = PBXGroup;
			children = (
				5A96AD4D204FBE38009DC6D4 /* DJScaleSlider.h */,
				5A96AD4E204FBE38009DC6D4 /* DJScaleSlider.m */,
			);
			name = DJScaleSlider;
			path = ../DJScaleSlider;
			sourceTree = "<group>";
		};
/* End PBXGroup section */

/* Begin PBXNativeTarget section */
		5A96AD16204FBDEA009DC6D4 /* DJScaleSliderSample */ = {
			isa = PBXNativeTarget;
			buildConfigurationList = 5A96AD43204FBDEB009DC6D4 /* Build configuration list for PBXNativeTarget "DJScaleSliderSample" */;
			buildPhases = (
				5A96AD13204FBDEA009DC6D4 /* Sources */,
				5A96AD14204FBDEA009DC6D4 /* Frameworks */,
				5A96AD15204FBDEA009DC6D4 /* Resources */,
			);
			buildRules = (
			);
			dependencies = (
			);
			name = DJScaleSliderSample;
			productName = DJScaleSliderSample;
			productReference = 5A96AD17204FBDEA009DC6D4 /* DJScaleSliderSample.app */;
			productType = "com.apple.product-type.application";
		};
		5A96AD2E204FBDEB009DC6D4 /* DJScaleSliderSampleTests */ = {
			isa = PBXNativeTarget;
			buildConfigurationList = 5A96AD46204FBDEB009DC6D4 /* Build configuration list for PBXNativeTarget "DJScaleSliderSampleTests" */;
			buildPhases = (
				5A96AD2B204FBDEB009DC6D4 /* Sources */,
				5A96AD2C204FBDEB009DC6D4 /* Frameworks */,
				5A96AD2D204FBDEB009DC6D4 /* Resources */,
			);
			buildRules = (
			);
			dependencies = (
				5A96AD31204FBDEB009DC6D4 /* PBXTargetDependency */,
			);
			name = DJScaleSliderSampleTests;
			productName = DJScaleSliderSampleTests;
			productReference = 5A96AD2F204FBDEB009DC6D4 /* DJScaleSliderSampleTests.xctest */;
			productType = "com.apple.product-type.bundle.unit-test";
		};
		5A96AD39204FBDEB009DC6D4 /* DJScaleSliderSampleUITests */ = {
			isa = PBXNativeTarget;
			buildConfigurationList = 5A96AD49204FBDEB009DC6D4 /* Build configuration list for PBXNativeTarget "DJScaleSliderSampleUITests" */;
			buildPhases = (
				5A96AD36204FBDEB009DC6D4 /* Sources */,
				5A96AD37204FBDEB009DC6D4 /* Frameworks */,
				5A96AD38204FBDEB009DC6D4 /* Resources */,
			);
			buildRules = (
			);
			dependencies = (
				5A96AD3C204FBDEB009DC6D4 /* PBXTargetDependency */,
			);
			name = DJScaleSliderSampleUITests;
			productName = DJScaleSliderSampleUITests;
			productReference = 5A96AD3A204FBDEB009DC6D4 /* DJScaleSliderSampleUITests.xctest */;
			productType = "com.apple.product-type.bundle.ui-testing";
		};
/* End PBXNativeTarget section */

/* Begin PBXProject section */
		5A96AD0F204FBDEA009DC6D4 /* Project object */ = {
			isa = PBXProject;
			attributes = {
				LastUpgradeCheck = 0920;
				ORGANIZATIONNAME = DennisDeng;
				TargetAttributes = {
					5A96AD16204FBDEA009DC6D4 = {
						CreatedOnToolsVersion = 9.2;
						ProvisioningStyle = Automatic;
					};
					5A96AD2E204FBDEB009DC6D4 = {
						CreatedOnToolsVersion = 9.2;
						ProvisioningStyle = Automatic;
						TestTargetID = 5A96AD16204FBDEA009DC6D4;
					};
					5A96AD39204FBDEB009DC6D4 = {
						CreatedOnToolsVersion = 9.2;
						ProvisioningStyle = Automatic;
						TestTargetID = 5A96AD16204FBDEA009DC6D4;
					};
				};
			};
			buildConfigurationList = 5A96AD12204FBDEA009DC6D4 /* Build configuration list for PBXProject "DJScaleSliderSample" */;
			compatibilityVersion = "Xcode 8.0";
			developmentRegion = en;
			hasScannedForEncodings = 0;
			knownRegions = (
				en,
				Base,
			);
			mainGroup = 5A96AD0E204FBDEA009DC6D4;
			productRefGroup = 5A96AD18204FBDEA009DC6D4 /* Products */;
			projectDirPath = "";
			projectRoot = "";
			targets = (
				5A96AD16204FBDEA009DC6D4 /* DJScaleSliderSample */,
				5A96AD2E204FBDEB009DC6D4 /* DJScaleSliderSampleTests */,
				5A96AD39204FBDEB009DC6D4 /* DJScaleSliderSampleUITests */,
			);
		};
/* End PBXProject section */

/* Begin PBXResourcesBuildPhase section */
		5A96AD15204FBDEA009DC6D4 /* Resources */ = {
			isa = PBXResourcesBuildPhase;
			buildActionMask = 2147483647;
			files = (
				5A96AD27204FBDEA009DC6D4 /* LaunchScreen.storyboard in Resources */,
				5A96AD24204FBDEA009DC6D4 /* Assets.xcassets in Resources */,
				5A96AD22204FBDEA009DC6D4 /* Main.storyboard in Resources */,
			);
			runOnlyForDeploymentPostprocessing = 0;
		};
		5A96AD2D204FBDEB009DC6D4 /* Resources */ = {
			isa = PBXResourcesBuildPhase;
			buildActionMask = 2147483647;
			files = (
			);
			runOnlyForDeploymentPostprocessing = 0;
		};
		5A96AD38204FBDEB009DC6D4 /* Resources */ = {
			isa = PBXResourcesBuildPhase;
			buildActionMask = 2147483647;
			files = (
			);
			runOnlyForDeploymentPostprocessing = 0;
		};
/* End PBXResourcesBuildPhase section */

/* Begin PBXSourcesBuildPhase section */
		5A96AD13204FBDEA009DC6D4 /* Sources */ = {
			isa = PBXSourcesBuildPhase;
			buildActionMask = 2147483647;
			files = (
				5A96AD1F204FBDEA009DC6D4 /* ViewController.m in Sources */,
				5A96AD2A204FBDEA009DC6D4 /* main.m in Sources */,
				5A96AD1C204FBDEA009DC6D4 /* AppDelegate.m in Sources */,
				5A96AD4F204FBE38009DC6D4 /* DJScaleSlider.m in Sources */,
			);
			runOnlyForDeploymentPostprocessing = 0;
		};
		5A96AD2B204FBDEB009DC6D4 /* Sources */ = {
			isa = PBXSourcesBuildPhase;
			buildActionMask = 2147483647;
			files = (
				5A96AD34204FBDEB009DC6D4 /* DJScaleSliderSampleTests.m in Sources */,
			);
			runOnlyForDeploymentPostprocessing = 0;
		};
		5A96AD36204FBDEB009DC6D4 /* Sources */ = {
			isa = PBXSourcesBuildPhase;
			buildActionMask = 2147483647;
			files = (
				5A96AD3F204FBDEB009DC6D4 /* DJScaleSliderSampleUITests.m in Sources */,
			);
			runOnlyForDeploymentPostprocessing = 0;
		};
/* End PBXSourcesBuildPhase section */

/* Begin PBXTargetDependency section */
		5A96AD31204FBDEB009DC6D4 /* PBXTargetDependency */ = {
			isa = PBXTargetDependency;
			target = 5A96AD16204FBDEA009DC6D4 /* DJScaleSliderSample */;
			targetProxy = 5A96AD30204FBDEB009DC6D4 /* PBXContainerItemProxy */;
		};
		5A96AD3C204FBDEB009DC6D4 /* PBXTargetDependency */ = {
			isa = PBXTargetDependency;
			target = 5A96AD16204FBDEA009DC6D4 /* DJScaleSliderSample */;
			targetProxy = 5A96AD3B204FBDEB009DC6D4 /* PBXContainerItemProxy */;
		};
/* End PBXTargetDependency section */

/* Begin PBXVariantGroup section */
		5A96AD20204FBDEA009DC6D4 /* Main.storyboard */ = {
			isa = PBXVariantGroup;
			children = (
				5A96AD21204FBDEA009DC6D4 /* Base */,
			);
			name = Main.storyboard;
			sourceTree = "<group>";
		};
		5A96AD25204FBDEA009DC6D4 /* LaunchScreen.storyboard */ = {
			isa = PBXVariantGroup;
			children = (
				5A96AD26204FBDEA009DC6D4 /* Base */,
			);
			name = LaunchScreen.storyboard;
			sourceTree = "<group>";
		};
/* End PBXVariantGroup section */

/* Begin XCBuildConfiguration section */
		5A96AD41204FBDEB009DC6D4 /* Debug */ = {
			isa = XCBuildConfiguration;
			buildSettings = {
				ALWAYS_SEARCH_USER_PATHS = NO;
				CLANG_ANALYZER_NONNULL = YES;
				CLANG_ANALYZER_NUMBER_OBJECT_CONVERSION = YES_AGGRESSIVE;
				CLANG_CXX_LANGUAGE_STANDARD = "gnu++14";
				CLANG_CXX_LIBRARY = "libc++";
				CLANG_ENABLE_MODULES = YES;
				CLANG_ENABLE_OBJC_ARC = YES;
				CLANG_WARN_BLOCK_CAPTURE_AUTORELEASING = YES;
				CLANG_WARN_BOOL_CONVERSION = YES;
				CLANG_WARN_COMMA = YES;
				CLANG_WARN_CONSTANT_CONVERSION = YES;
				CLANG_WARN_DIRECT_OBJC_ISA_USAGE = YES_ERROR;
				CLANG_WARN_DOCUMENTATION_COMMENTS = YES;
				CLANG_WARN_EMPTY_BODY = YES;
				CLANG_WARN_ENUM_CONVERSION = YES;
				CLANG_WARN_INFINITE_RECURSION = YES;
				CLANG_WARN_INT_CONVERSION = YES;
				CLANG_WARN_NON_LITERAL_NULL_CONVERSION = YES;
				CLANG_WARN_OBJC_LITERAL_CONVERSION = YES;
				CLANG_WARN_OBJC_ROOT_CLASS = YES_ERROR;
				CLANG_WARN_RANGE_LOOP_ANALYSIS = YES;
				CLANG_WARN_STRICT_PROTOTYPES = YES;
				CLANG_WARN_SUSPICIOUS_MOVE = YES;
				CLANG_WARN_UNGUARDED_AVAILABILITY = YES_AGGRESSIVE;
				CLANG_WARN_UNREACHABLE_CODE = YES;
				CLANG_WARN__DUPLICATE_METHOD_MATCH = YES;
				CODE_SIGN_IDENTITY = "iPhone Developer";
				COPY_PHASE_STRIP = NO;
				DEBUG_INFORMATION_FORMAT = dwarf;
				ENABLE_STRICT_OBJC_MSGSEND = YES;
				ENABLE_TESTABILITY = YES;
				GCC_C_LANGUAGE_STANDARD = gnu11;
				GCC_DYNAMIC_NO_PIC = NO;
				GCC_NO_COMMON_BLOCKS = YES;
				GCC_OPTIMIZATION_LEVEL = 0;
				GCC_PREPROCESSOR_DEFINITIONS = (
					"DEBUG=1",
					"$(inherited)",
				);
				GCC_WARN_64_TO_32_BIT_CONVERSION = YES;
				GCC_WARN_ABOUT_RETURN_TYPE = YES_ERROR;
				GCC_WARN_UNDECLARED_SELECTOR = YES;
				GCC_WARN_UNINITIALIZED_AUTOS = YES_AGGRESSIVE;
				GCC_WARN_UNUSED_FUNCTION = YES;
				GCC_WARN_UNUSED_VARIABLE = YES;
				IPHONEOS_DEPLOYMENT_TARGET = 11.2;
				MTL_ENABLE_DEBUG_INFO = YES;
				ONLY_ACTIVE_ARCH = YES;
				SDKROOT = iphoneos;
			};
			name = Debug;
		};
		5A96AD42204FBDEB009DC6D4 /* Release */ = {
			isa = XCBuildConfiguration;
			buildSettings = {
				ALWAYS_SEARCH_USER_PATHS = NO;
				CLANG_ANALYZER_NONNULL = YES;
				CLANG_ANALYZER_NUMBER_OBJECT_CONVERSION = YES_AGGRESSIVE;
				CLANG_CXX_LANGUAGE_STANDARD = "gnu++14";
				CLANG_CXX_LIBRARY = "libc++";
				CLANG_ENABLE_MODULES = YES;
				CLANG_ENABLE_OBJC_ARC = YES;
				CLANG_WARN_BLOCK_CAPTURE_AUTORELEASING = YES;
				CLANG_WARN_BOOL_CONVERSION = YES;
				CLANG_WARN_COMMA = YES;
				CLANG_WARN_CONSTANT_CONVERSION = YES;
				CLANG_WARN_DIRECT_OBJC_ISA_USAGE = YES_ERROR;
				CLANG_WARN_DOCUMENTATION_COMMENTS = YES;
				CLANG_WARN_EMPTY_BODY = YES;
				CLANG_WARN_ENUM_CONVERSION = YES;
				CLANG_WARN_INFINITE_RECURSION = YES;
				CLANG_WARN_INT_CONVERSION = YES;
				CLANG_WARN_NON_LITERAL_NULL_CONVERSION = YES;
				CLANG_WARN_OBJC_LITERAL_CONVERSION = YES;
				CLANG_WARN_OBJC_ROOT_CLASS = YES_ERROR;
				CLANG_WARN_RANGE_LOOP_ANALYSIS = YES;
				CLANG_WARN_STRICT_PROTOTYPES = YES;
				CLANG_WARN_SUSPICIOUS_MOVE = YES;
				CLANG_WARN_UNGUARDED_AVAILABILITY = YES_AGGRESSIVE;
				CLANG_WARN_UNREACHABLE_CODE = YES;
				CLANG_WARN__DUPLICATE_METHOD_MATCH = YES;
				CODE_SIGN_IDENTITY = "iPhone Developer";
				COPY_PHASE_STRIP = NO;
				DEBUG_INFORMATION_FORMAT = "dwarf-with-dsym";
				ENABLE_NS_ASSERTIONS = NO;
				ENABLE_STRICT_OBJC_MSGSEND = YES;
				GCC_C_LANGUAGE_STANDARD = gnu11;
				GCC_NO_COMMON_BLOCKS = YES;
				GCC_WARN_64_TO_32_BIT_CONVERSION = YES;
				GCC_WARN_ABOUT_RETURN_TYPE = YES_ERROR;
				GCC_WARN_UNDECLARED_SELECTOR = YES;
				GCC_WARN_UNINITIALIZED_AUTOS = YES_AGGRESSIVE;
				GCC_WARN_UNUSED_FUNCTION = YES;
				GCC_WARN_UNUSED_VARIABLE = YES;
				IPHONEOS_DEPLOYMENT_TARGET = 11.2;
				MTL_ENABLE_DEBUG_INFO = NO;
				SDKROOT = iphoneos;
				VALIDATE_PRODUCT = YES;
			};
			name = Release;
		};
		5A96AD44204FBDEB009DC6D4 /* Debug */ = {
			isa = XCBuildConfiguration;
			buildSettings = {
				ASSETCATALOG_COMPILER_APPICON_NAME = AppIcon;
				CODE_SIGN_STYLE = Automatic;
				INFOPLIST_FILE = DJScaleSliderSample/Info.plist;
				LD_RUNPATH_SEARCH_PATHS = "$(inherited) @executable_path/Frameworks";
				PRODUCT_BUNDLE_IDENTIFIER = DJ.DJScaleSliderSample;
				PRODUCT_NAME = "$(TARGET_NAME)";
				TARGETED_DEVICE_FAMILY = "1,2";
			};
			name = Debug;
		};
		5A96AD45204FBDEB009DC6D4 /* Release */ = {
			isa = XCBuildConfiguration;
			buildSettings = {
				ASSETCATALOG_COMPILER_APPICON_NAME = AppIcon;
				CODE_SIGN_STYLE = Automatic;
				INFOPLIST_FILE = DJScaleSliderSample/Info.plist;
				LD_RUNPATH_SEARCH_PATHS = "$(inherited) @executable_path/Frameworks";
				PRODUCT_BUNDLE_IDENTIFIER = DJ.DJScaleSliderSample;
				PRODUCT_NAME = "$(TARGET_NAME)";
				TARGETED_DEVICE_FAMILY = "1,2";
			};
			name = Release;
		};
		5A96AD47204FBDEB009DC6D4 /* Debug */ = {
			isa = XCBuildConfiguration;
			buildSettings = {
				BUNDLE_LOADER = "$(TEST_HOST)";
				CODE_SIGN_STYLE = Automatic;
				INFOPLIST_FILE = DJScaleSliderSampleTests/Info.plist;
				LD_RUNPATH_SEARCH_PATHS = "$(inherited) @executable_path/Frameworks @loader_path/Frameworks";
				PRODUCT_BUNDLE_IDENTIFIER = DJ.DJScaleSliderSampleTests;
				PRODUCT_NAME = "$(TARGET_NAME)";
				TARGETED_DEVICE_FAMILY = "1,2";
				TEST_HOST = "$(BUILT_PRODUCTS_DIR)/DJScaleSliderSample.app/DJScaleSliderSample";
			};
			name = Debug;
		};
		5A96AD48204FBDEB009DC6D4 /* Release */ = {
			isa = XCBuildConfiguration;
			buildSettings = {
				BUNDLE_LOADER = "$(TEST_HOST)";
				CODE_SIGN_STYLE = Automatic;
				INFOPLIST_FILE = DJScaleSliderSampleTests/Info.plist;
				LD_RUNPATH_SEARCH_PATHS = "$(inherited) @executable_path/Frameworks @loader_path/Frameworks";
				PRODUCT_BUNDLE_IDENTIFIER = DJ.DJScaleSliderSampleTests;
				PRODUCT_NAME = "$(TARGET_NAME)";
				TARGETED_DEVICE_FAMILY = "1,2";
				TEST_HOST = "$(BUILT_PRODUCTS_DIR)/DJScaleSliderSample.app/DJScaleSliderSample";
			};
			name = Release;
		};
		5A96AD4A204FBDEB009DC6D4 /* Debug */ = {
			isa = XCBuildConfiguration;
			buildSettings = {
				CODE_SIGN_STYLE = Automatic;
				INFOPLIST_FILE = DJScaleSliderSampleUITests/Info.plist;
				LD_RUNPATH_SEARCH_PATHS = "$(inherited) @executable_path/Frameworks @loader_path/Frameworks";
				PRODUCT_BUNDLE_IDENTIFIER = DJ.DJScaleSliderSampleUITests;
				PRODUCT_NAME = "$(TARGET_NAME)";
				TARGETED_DEVICE_FAMILY = "1,2";
				TEST_TARGET_NAME = DJScaleSliderSample;
			};
			name = Debug;
		};
		5A96AD4B204FBDEB009DC6D4 /* Release */ = {
			isa = XCBuildConfiguration;
			buildSettings = {
				CODE_SIGN_STYLE = Automatic;
				INFOPLIST_FILE = DJScaleSliderSampleUITests/Info.plist;
				LD_RUNPATH_SEARCH_PATHS = "$(inherited) @executable_path/Frameworks @loader_path/Frameworks";
				PRODUCT_BUNDLE_IDENTIFIER = DJ.DJScaleSliderSampleUITests;
				PRODUCT_NAME = "$(TARGET_NAME)";
				TARGETED_DEVICE_FAMILY = "1,2";
				TEST_TARGET_NAME = DJScaleSliderSample;
			};
			name = Release;
		};
/* End XCBuildConfiguration section */

/* Begin XCConfigurationList section */
		5A96AD12204FBDEA009DC6D4 /* Build configuration list for PBXProject "DJScaleSliderSample" */ = {
			isa = XCConfigurationList;
			buildConfigurations = (
				5A96AD41204FBDEB009DC6D4 /* Debug */,
				5A96AD42204FBDEB009DC6D4 /* Release */,
			);
			defaultConfigurationIsVisible = 0;
			defaultConfigurationName = Release;
		};
		5A96AD43204FBDEB009DC6D4 /* Build configuration list for PBXNativeTarget "DJScaleSliderSample" */ = {
			isa = XCConfigurationList;
			buildConfigurations = (
				5A96AD44204FBDEB009DC6D4 /* Debug */,
				5A96AD45204FBDEB009DC6D4 /* Release */,
			);
			defaultConfigurationIsVisible = 0;
			defaultConfigurationName = Release;
		};
		5A96AD46204FBDEB009DC6D4 /* Build configuration list for PBXNativeTarget "DJScaleSliderSampleTests" */ = {
			isa = XCConfigurationList;
			buildConfigurations = (
				5A96AD47204FBDEB009DC6D4 /* Debug */,
				5A96AD48204FBDEB009DC6D4 /* Release */,
			);
			defaultConfigurationIsVisible = 0;
			defaultConfigurationName = Release;
		};
		5A96AD49204FBDEB009DC6D4 /* Build configuration list for PBXNativeTarget "DJScaleSliderSampleUITests" */ = {
			isa = XCConfigurationList;
			buildConfigurations = (
				5A96AD4A204FBDEB009DC6D4 /* Debug */,
				5A96AD4B204FBDEB009DC6D4 /* Release */,
			);
			defaultConfigurationIsVisible = 0;
			defaultConfigurationName = Release;
		};
/* End XCConfigurationList section */
	};
	rootObject = 5A96AD0F204FBDEA009DC6D4 /* Project object */;
}
